<?xml version="1.0" encoding="utf-8"?>
<Project ToolsVersion="4.0" xmlns="http://schemas.microsoft.com/developer/msbuild/2003">
  <ItemGroup>
    <Filter Include="Source Files">
      <UniqueIdentifier>{4FC737F1-C7A5-4376-A066-2A32D752A2FF}</UniqueIdentifier>
      <Extensions>cpp;c;cxx;def;odl;idl;hpj;bat;asm;asmx</Extensions>
    </Filter>
    <Filter Include="Header Files">
      <UniqueIdentifier>{93995380-89BD-4b04-88EB-625FBE52EBFB}</UniqueIdentifier>
      <Extensions>h;hpp;hxx;hm;inl;inc;xsd</Extensions>
    </Filter>
    <Filter Include="Resource Files">
      <UniqueIdentifier>{67DA6AB6-F800-4c08-8B7A-83BB121AAD01}</UniqueIdentifier>
      <Extensions>rc;ico;cur;bmp;dlg;rc2;rct;bin;rgs;gif;jpg;jpeg;jpe;resx</Extensions>
    </Filter>
  </ItemGroup>
  <ItemGroup>
    <ClCompile Include="LuaScript\src\Dialogs\AboutDialog.cpp">
      <Filter>Source Files</Filter>
    </ClCompile>
    <ClCompile Include="LuaScript\src\Dialogs\ConsoleDialog.cpp">
      <Filter>Source Files</Filter>
    </ClCompile>
    <ClCompile Include="LuaScript\src\Dialogs\Hyperlinks.cpp">
      <Filter>Source Files</Filter>
    </ClCompile>
    <ClCompile Include="LuaScript\src\Dialogs\StaticDialog.cpp">
      <Filter>Source Files</Filter>
    </ClCompile>
    <ClCompile Include="LuaScript\src\IFaceTableMixer.cpp">
      <Filter>Source Files</Filter>
    </ClCompile>
    <ClCompile Include="LuaScript\src\LuaConsole.cpp">
      <Filter>Source Files</Filter>
    </ClCompile>
    <ClCompile Include="LuaScript\src\luawinfile\winfile.c">
      <Filter>Source Files</Filter>
    </ClCompile>
    <ClCompile Include="LuaScript\src\NppExtensionAPI.cpp">
      <Filter>Source Files</Filter>
    </ClCompile>
    <ClCompile Include="LuaScript\src\LuaScript.cpp">
      <Filter>Source Files</Filter>
    </ClCompile>
    <ClCompile Include="LuaScript\src\NppIFaceTable.cpp">
      <Filter>Source Files</Filter>
    </ClCompile>
    <ClCompile Include="LuaScript\src\SciIFaceTable.cpp">
      <Filter>Source Files</Filter>
    </ClCompile>
    <ClCompile Include="LuaScript\src\SciTE\GUIWin.cpp">
      <Filter>Source Files</Filter>
    </ClCompile>
    <ClCompile Include="LuaScript\src\SciTE\IFaceTable.cpp">
      <Filter>Source Files</Filter>
    </ClCompile>
    <ClCompile Include="LuaScript\src\SciTE\LuaExtension.cpp">
      <Filter>Source Files</Filter>
    </ClCompile>
    <ClCompile Include="LuaScript\src\SciTE\StyleWriter.cpp">
      <Filter>Source Files</Filter>
    </ClCompile>
  </ItemGroup>
  <ItemGroup>
    <ClInclude Include="LuaScript\src\Dialogs\AboutDialog.h">
      <Filter>Header Files</Filter>
    </ClInclude>
    <ClInclude Include="LuaScript\src\Dialogs\ConsoleDialog.h">
      <Filter>Header Files</Filter>
    </ClInclude>
    <ClInclude Include="LuaScript\src\Dialogs\Hyperlinks.h">
      <Filter>Header Files</Filter>
    </ClInclude>
    <ClInclude Include="LuaScript\src\Dialogs\LuaConsole.h">
      <Filter>Header Files</Filter>
    </ClInclude>
    <ClInclude Include="LuaScript\src\Dialogs\resource.h">
      <Filter>Header Files</Filter>
    </ClInclude>
    <ClInclude Include="LuaScript\src\Dialogs\StaticDialog.h">
      <Filter>Header Files</Filter>
    </ClInclude>
    <ClInclude Include="LuaScript\src\Dialogs\Window.h">
      <Filter>Header Files</Filter>
    </ClInclude>
    <ClInclude Include="LuaScript\src\IFaceTableMixer.h">
      <Filter>Header Files</Filter>
    </ClInclude>
    <ClInclude Include="LuaScript\src\NppExtensionAPI.h">
      <Filter>Header Files</Filter>
    </ClInclude>
    <ClInclude Include="LuaScript\src\NppIFaceTable.h">
      <Filter>Header Files</Filter>
    </ClInclude>
    <ClInclude Include="LuaScript\src\NppLuaScript.h">
      <Filter>Header Files</Filter>
    </ClInclude>
    <ClInclude Include="LuaScript\src\SciIFaceTable.h">
      <Filter>Header Files</Filter>
    </ClInclude>
    <ClInclude Include="LuaScript\src\SciTE\GUI.h">
      <Filter>Header Files</Filter>
    </ClInclude>
    <ClInclude Include="LuaScript\src\SciTE\IFaceTable.h">
      <Filter>Header Files</Filter>
    </ClInclude>
    <ClInclude Include="LuaScript\src\SciTE\LuaExtension.h">
      <Filter>Header Files</Filter>
    </ClInclude>
    <ClInclude Include="LuaScript\src\SciTE\StyleWriter.h">
      <Filter>Header Files</Filter>
    </ClInclude>
    <ClInclude Include="LuaScript\src\Version.h">
      <Filter>Header Files</Filter>
    </ClInclude>
  </ItemGroup>
  <ItemGroup>
    <ResourceCompile Include="LuaScript\src\Dialogs\resource.rc">
      <Filter>Resource Files</Filter>
    </ResourceCompile>
    <ResourceCompile Include="LuaScript\src\Dialogs\Version.rc">
      <Filter>Resource Files</Filter>
    </ResourceCompile>
  </ItemGroup>
  <ItemGroup>
    <Image Include="LuaScript\src\Dialogs\lua.bmp">
      <Filter>Resource Files</Filter>
    </Image>
    <Image Include="LuaScript\src\Dialogs\lua.ico">
      <Filter>Resource Files</Filter>
    </Image>
  </ItemGroup>
</Project>