<?xml version="1.0" encoding="utf-8"?>
<Project ToolsVersion="4.0" xmlns="http://schemas.microsoft.com/developer/msbuild/2003">
  <ItemGroup>
    <Filter Include="Source Files">
      <UniqueIdentifier>{4FC737F1-C7A5-4376-A066-2A32D752A2FF}</UniqueIdentifier>
      <Extensions>cpp;c;cxx;def;odl;idl;hpj;bat;asm;asmx</Extensions>
    </Filter>
    <Filter Include="Header Files">
      <UniqueIdentifier>{93995380-89BD-4b04-88EB-625FBE52EBFB}</UniqueIdentifier>
      <Extensions>h;hpp;hxx;hm;inl;inc;xsd</Extensions>
    </Filter>
    <Filter Include="Resource Files">
      <UniqueIdentifier>{67DA6AB6-F800-4c08-8B7A-83BB121AAD01}</UniqueIdentifier>
      <Extensions>rc;ico;cur;bmp;dlg;rc2;rct;bin;rgs;gif;jpg;jpeg;jpe;resx</Extensions>
    </Filter>
  </ItemGroup>
  <ItemGroup>
    <ClInclude Include="ScintilluaPlusPlus\src\AboutDialog.h">
      <Filter>Header Files</Filter>
    </ClInclude>
    <ClInclude Include="ScintilluaPlusPlus\src\Config.h">
      <Filter>Header Files</Filter>
    </ClInclude>
    <ClInclude Include="ScintilluaPlusPlus\src\LanguageDialog.h">
      <Filter>Header Files</Filter>
    </ClInclude>
    <ClInclude Include="ScintilluaPlusPlus\src\NotepadPPGateway.h">
      <Filter>Header Files</Filter>
    </ClInclude>
    <ClInclude Include="ScintilluaPlusPlus\src\Utilities.h">
      <Filter>Header Files</Filter>
    </ClInclude>
    <ClInclude Include="ScintilluaPlusPlus\src\Hyperlinks.h">
      <Filter>Header Files</Filter>
    </ClInclude>
    <ClInclude Include="ScintilluaPlusPlus\src\menuCmdID.h">
      <Filter>Header Files</Filter>
    </ClInclude>
    <ClInclude Include="ScintilluaPlusPlus\src\Notepad_plus_msgs.h">
      <Filter>Header Files</Filter>
    </ClInclude>
    <ClInclude Include="ScintilluaPlusPlus\src\PluginDefinition.h">
      <Filter>Header Files</Filter>
    </ClInclude>
    <ClInclude Include="ScintilluaPlusPlus\src\PluginInterface.h">
      <Filter>Header Files</Filter>
    </ClInclude>
    <ClInclude Include="ScintilluaPlusPlus\src\resource.h">
      <Filter>Header Files</Filter>
    </ClInclude>
    <ClInclude Include="ScintilluaPlusPlus\src\Scintilla.h">
      <Filter>Header Files</Filter>
    </ClInclude>
    <ClInclude Include="ScintilluaPlusPlus\src\ScintillaGateway.h">
      <Filter>Header Files</Filter>
    </ClInclude>
    <ClInclude Include="ScintilluaPlusPlus\src\Version.h">
      <Filter>Header Files</Filter>
    </ClInclude>
  </ItemGroup>
  <ItemGroup>
    <ResourceCompile Include="ScintilluaPlusPlus\src\resource.rc">
      <Filter>Resource Files</Filter>
    </ResourceCompile>
    <ResourceCompile Include="ScintilluaPlusPlus\src\Version.rc">
      <Filter>Resource Files</Filter>
    </ResourceCompile>
  </ItemGroup>
  <ItemGroup>
    <ClCompile Include="ScintilluaPlusPlus\src\AboutDialog.cpp">
      <Filter>Source Files</Filter>
    </ClCompile>
    <ClCompile Include="ScintilluaPlusPlus\src\LanguageDialog.cpp">
      <Filter>Source Files</Filter>
    </ClCompile>
    <ClCompile Include="ScintilluaPlusPlus\src\Config.cpp">
      <Filter>Source Files</Filter>
    </ClCompile>
    <ClCompile Include="ScintilluaPlusPlus\src\Hyperlinks.cpp">
      <Filter>Source Files</Filter>
    </ClCompile>
    <ClCompile Include="ScintilluaPlusPlus\src\Main.cpp">
      <Filter>Source Files</Filter>
    </ClCompile>
    <ClCompile Include="ScintilluaPlusPlus\src\Utilities.cpp">
      <Filter>Source Files</Filter>
    </ClCompile>
  </ItemGroup>
</Project>